// !$*UTF8*$!
{
	archiveVersion = 1;
	classes = {
	};
	objectVersion = 46;
	objects = {

/* Begin PBXBuildFile section */
		FBB914791E68EC7000FA5835 /* AppDelegate.swift in Sources */ = {isa = PBXBuildFile; fileRef = FBB914781E68EC7000FA5835 /* AppDelegate.swift */; };
		FBB9147B1E68EC7000FA5835 /* RootViewController.swift in Sources */ = {isa = PBXBuildFile; fileRef = FBB9147A1E68EC7000FA5835 /* RootViewController.swift */; };
		FBB9147D1E68EC7000FA5835 /* DataViewController.swift in Sources */ = {isa = PBXBuildFile; fileRef = FBB9147C1E68EC7000FA5835 /* DataViewController.swift */; };
		FBB9147F1E68EC7000FA5835 /* ModelController.swift in Sources */ = {isa = PBXBuildFile; fileRef = FBB9147E1E68EC7000FA5835 /* ModelController.swift */; };
		FBB914821E68EC7000FA5835 /* Main.storyboard in Resources */ = {isa = PBXBuildFile; fileRef = FBB914801E68EC7000FA5835 /* Main.storyboard */; };
		FBB914841E68EC7000FA5835 /* Assets.xcassets in Resources */ = {isa = PBXBuildFile; fileRef = FBB914831E68EC7000FA5835 /* Assets.xcassets */; };
		FBB914871E68EC7000FA5835 /* LaunchScreen.storyboard in Resources */ = {isa = PBXBuildFile; fileRef = FBB914851E68EC7000FA5835 /* LaunchScreen.storyboard */; };
/* End PBXBuildFile section */

/* Begin PBXFileReference section */
		FBB914751E68EC7000FA5835 /* PageViewController en iOS.app */ = {isa = PBXFileReference; explicitFileType = wrapper.application; includeInIndex = 0; path = "PageViewController en iOS.app"; sourceTree = BUILT_PRODUCTS_DIR; };
		FBB914781E68EC7000FA5835 /* AppDelegate.swift */ = {isa = PBXFileReference; lastKnownFileType = sourcecode.swift; path = AppDelegate.swift; sourceTree = "<group>"; };
		FBB9147A1E68EC7000FA5835 /* RootViewController.swift */ = {isa = PBXFileReference; lastKnownFileType = sourcecode.swift; path = RootViewController.swift; sourceTree = "<group>"; };
		FBB9147C1E68EC7000FA5835 /* DataViewController.swift */ = {isa = PBXFileReference; lastKnownFileType = sourcecode.swift; path = DataViewController.swift; sourceTree = "<group>"; };
		FBB9147E1E68EC7000FA5835 /* ModelController.swift */ = {isa = PBXFileReference; lastKnownFileType = sourcecode.swift; path = ModelController.swift; sourceTree = "<group>"; };
		FBB914811E68EC7000FA5835 /* Base */ = {isa = PBXFileReference; lastKnownFileType = file.storyboard; name = Base; path = Base.lproj/Main.storyboard; sourceTree = "<group>"; };
		FBB914831E68EC7000FA5835 /* Assets.xcassets */ = {isa = PBXFileReference; lastKnownFileType = folder.assetcatalog; path = Assets.xcassets; sourceTree = "<group>"; };
		FBB914861E68EC7000FA5835 /* Base */ = {isa = PBXFileReference; lastKnownFileType = file.storyboard; name = Base; path = Base.lproj/LaunchScreen.storyboard; sourceTree = "<group>"; };
		FBB914881E68EC7000FA5835 /* Info.plist */ = {isa = PBXFileReference; lastKnownFileType = text.plist.xml; path = Info.plist; sourceTree = "<group>"; };
/* End PBXFileReference section */

/* Begin PBXFrameworksBuildPhase section */
		FBB914721E68EC7000FA5835 /* Frameworks */ = {
			isa = PBXFrameworksBuildPhase;
			buildActionMask = 2147483647;
			files = (
			);
			runOnlyForDeploymentPostprocessing = 0;
		};
/* End PBXFrameworksBuildPhase section */

/* Begin PBXGroup section */
		FBB9146C1E68EC7000FA5835 = {
			isa = PBXGroup;
			children = (
				FBB914771E68EC7000FA5835 /* PageViewController en iOS */,
				FBB914761E68EC7000FA5835 /* Products */,
			);
			sourceTree = "<group>";
		};
		FBB914761E68EC7000FA5835 /* Products */ = {
			isa = PBXGroup;
			children = (
				FBB914751E68EC7000FA5835 /* PageViewController en iOS.app */,
			);
			name = Products;
			sourceTree = "<group>";
		};
		FBB914771E68EC7000FA5835 /* PageViewController en iOS */ = {
			isa = PBXGroup;
			children = (
				FBB914781E68EC7000FA5835 /* AppDelegate.swift */,
				FBB9147A1E68EC7000FA5835 /* RootViewController.swift */,
				FBB9147C1E68EC7000FA5835 /* DataViewController.swift */,
				FBB9147E1E68EC7000FA5835 /* ModelController.swift */,
				FBB914801E68EC7000FA5835 /* Main.storyboard */,
				FBB914831E68EC7000FA5835 /* Assets.xcassets */,
				FBB914851E68EC7000FA5835 /* LaunchScreen.storyboard */,
				FBB914881E68EC7000FA5835 /* Info.plist */,
			);
			path = "PageViewController en iOS";
			sourceTree = "<group>";
		};
/* End PBXGroup section */

/* Begin PBXNativeTarget section */
		FBB914741E68EC7000FA5835 /* PageViewController en iOS */ = {
			isa = PBXNativeTarget;
			buildConfigurationList = FBB9148B1E68EC7000FA5835 /* Build configuration list for PBXNativeTarget "PageViewController en iOS" */;
			buildPhases = (
				FBB914711E68EC7000FA5835 /* Sources */,
				FBB914721E68EC7000FA5835 /* Frameworks */,
				FBB914731E68EC7000FA5835 /* Resources */,
			);
			buildRules = (
			);
			dependencies = (
			);
			name = "PageViewController en iOS";
			productName = "PageViewController en iOS";
			productReference = FBB914751E68EC7000FA5835 /* PageViewController en iOS.app */;
			productType = "com.apple.product-type.application";
		};
/* End PBXNativeTarget section */

/* Begin PBXProject section */
		FBB9146D1E68EC7000FA5835 /* Project object */ = {
			isa = PBXProject;
			attributes = {
				LastSwiftUpdateCheck = 0800;
				LastUpgradeCheck = 0800;
				ORGANIZATIONNAME = william;
				TargetAttributes = {
					FBB914741E68EC7000FA5835 = {
						CreatedOnToolsVersion = 8.0;
						ProvisioningStyle = Automatic;
					};
				};
			};
			buildConfigurationList = FBB914701E68EC7000FA5835 /* Build configuration list for PBXProject "PageViewController en iOS" */;
			compatibilityVersion = "Xcode 3.2";
			developmentRegion = English;
			hasScannedForEncodings = 0;
			knownRegions = (
				en,
				Base,
			);
			mainGroup = FBB9146C1E68EC7000FA5835;
			productRefGroup = FBB914761E68EC7000FA5835 /* Products */;
			projectDirPath = "";
			projectRoot = "";
			targets = (
				FBB914741E68EC7000FA5835 /* PageViewController en iOS */,
			);
		};
/* End PBXProject section */

/* Begin PBXResourcesBuildPhase section */
		FBB914731E68EC7000FA5835 /* Resources */ = {
			isa = PBXResourcesBuildPhase;
			buildActionMask = 2147483647;
			files = (
				FBB914871E68EC7000FA5835 /* LaunchScreen.storyboard in Resources */,
				FBB914841E68EC7000FA5835 /* Assets.xcassets in Resources */,
				FBB914821E68EC7000FA5835 /* Main.storyboard in Resources */,
			);
			runOnlyForDeploymentPostprocessing = 0;
		};
/* End PBXResourcesBuildPhase section */

/* Begin PBXSourcesBuildPhase section */
		FBB914711E68EC7000FA5835 /* Sources */ = {
			isa = PBXSourcesBuildPhase;
			buildActionMask = 2147483647;
			files = (
				FBB9147B1E68EC7000FA5835 /* RootViewController.swift in Sources */,
				FBB9147F1E68EC7000FA5835 /* ModelController.swift in Sources */,
				FBB9147D1E68EC7000FA5835 /* DataViewController.swift in Sources */,
				FBB914791E68EC7000FA5835 /* AppDelegate.swift in Sources */,
			);
			runOnlyForDeploymentPostprocessing = 0;
		};
/* End PBXSourcesBuildPhase section */

/* Begin PBXVariantGroup section */
		FBB914801E68EC7000FA5835 /* Main.storyboard */ = {
			isa = PBXVariantGroup;
			children = (
				FBB914811E68EC7000FA5835 /* Base */,
			);
			name = Main.storyboard;
			sourceTree = "<group>";
		};
		FBB914851E68EC7000FA5835 /* LaunchScreen.storyboard */ = {
			isa = PBXVariantGroup;
			children = (
				FBB914861E68EC7000FA5835 /* Base */,
			);
			name = LaunchScreen.storyboard;
			sourceTree = "<group>";
		};
/* End PBXVariantGroup section */

/* Begin XCBuildConfiguration section */
		FBB914891E68EC7000FA5835 /* Debug */ = {
			isa = XCBuildConfiguration;
			buildSettings = {
				ALWAYS_SEARCH_USER_PATHS = NO;
				CLANG_ANALYZER_NONNULL = YES;
				CLANG_CXX_LANGUAGE_STANDARD = "gnu++0x";
				CLANG_CXX_LIBRARY = "libc++";
				CLANG_ENABLE_MODULES = YES;
				CLANG_ENABLE_OBJC_ARC = YES;
				CLANG_WARN_BOOL_CONVERSION = YES;
				CLANG_WARN_CONSTANT_CONVERSION = YES;
				CLANG_WARN_DIRECT_OBJC_ISA_USAGE = YES_ERROR;
				CLANG_WARN_DOCUMENTATION_COMMENTS = YES;
				CLANG_WARN_EMPTY_BODY = YES;
				CLANG_WARN_ENUM_CONVERSION = YES;
				CLANG_WARN_INFINITE_RECURSION = YES;
				CLANG_WARN_INT_CONVERSION = YES;
				CLANG_WARN_OBJC_ROOT_CLASS = YES_ERROR;
				CLANG_WARN_SUSPICIOUS_MOVES = YES;
				CLANG_WARN_UNREACHABLE_CODE = YES;
				CLANG_WARN__DUPLICATE_METHOD_MATCH = YES;
				"CODE_SIGN_IDENTITY[sdk=iphoneos*]" = "iPhone Developer";
				COPY_PHASE_STRIP = NO;
				DEBUG_INFORMATION_FORMAT = dwarf;
				ENABLE_STRICT_OBJC_MSGSEND = YES;
				ENABLE_TESTABILITY = YES;
				GCC_C_LANGUAGE_STANDARD = gnu99;
				GCC_DYNAMIC_NO_PIC = NO;
				GCC_NO_COMMON_BLOCKS = YES;
				GCC_OPTIMIZATION_LEVEL = 0;
				GCC_PREPROCESSOR_DEFINITIONS = (
					"DEBUG=1",
					"$(inherited)",
				);
				GCC_WARN_64_TO_32_BIT_CONVERSION = YES;
				GCC_WARN_ABOUT_RETURN_TYPE = YES_ERROR;
				GCC_WARN_UNDECLARED_SELECTOR = YES;
				GCC_WARN_UNINITIALIZED_AUTOS = YES_AGGRESSIVE;
				GCC_WARN_UNUSED_FUNCTION = YES;
				GCC_WARN_UNUSED_VARIABLE = YES;
				IPHONEOS_DEPLOYMENT_TARGET = 10.0;
				MTL_ENABLE_DEBUG_INFO = YES;
				ONLY_ACTIVE_ARCH = YES;
				SDKROOT = iphoneos;
				SWIFT_ACTIVE_COMPILATION_CONDITIONS = DEBUG;
				SWIFT_OPTIMIZATION_LEVEL = "-Onone";
				TARGETED_DEVICE_FAMILY = "1,2";
			};
			name = Debug;
		};
		FBB9148A1E68EC7000FA5835 /* Release */ = {
			isa = XCBuildConfiguration;
			buildSettings = {
				ALWAYS_SEARCH_USER_PATHS = NO;
				CLANG_ANALYZER_NONNULL = YES;
				CLANG_CXX_LANGUAGE_STANDARD = "gnu++0x";
				CLANG_CXX_LIBRARY = "libc++";
				CLANG_ENABLE_MODULES = YES;
				CLANG_ENABLE_OBJC_ARC = YES;
				CLANG_WARN_BOOL_CONVERSION = YES;
				CLANG_WARN_CONSTANT_CONVERSION = YES;
				CLANG_WARN_DIRECT_OBJC_ISA_USAGE = YES_ERROR;
				CLANG_WARN_DOCUMENTATION_COMMENTS = YES;
				CLANG_WARN_EMPTY_BODY = YES;
				CLANG_WARN_ENUM_CONVERSION = YES;
				CLANG_WARN_INFINITE_RECURSION = YES;
				CLANG_WARN_INT_CONVERSION = YES;
				CLANG_WARN_OBJC_ROOT_CLASS = YES_ERROR;
				CLANG_WARN_SUSPICIOUS_MOVES = YES;
				CLANG_WARN_UNREACHABLE_CODE = YES;
				CLANG_WARN__DUPLICATE_METHOD_MATCH = YES;
				"CODE_SIGN_IDENTITY[sdk=iphoneos*]" = "iPhone Developer";
				COPY_PHASE_STRIP = NO;
				DEBUG_INFORMATION_FORMAT = "dwarf-with-dsym";
				ENABLE_NS_ASSERTIONS = NO;
				ENABLE_STRICT_OBJC_MSGSEND = YES;
				GCC_C_LANGUAGE_STANDARD = gnu99;
				GCC_NO_COMMON_BLOCKS = YES;
				GCC_WARN_64_TO_32_BIT_CONVERSION = YES;
				GCC_WARN_ABOUT_RETURN_TYPE = YES_ERROR;
				GCC_WARN_UNDECLARED_SELECTOR = YES;
				GCC_WARN_UNINITIALIZED_AUTOS = YES_AGGRESSIVE;
				GCC_WARN_UNUSED_FUNCTION = YES;
				GCC_WARN_UNUSED_VARIABLE = YES;
				IPHONEOS_DEPLOYMENT_TARGET = 10.0;
				MTL_ENABLE_DEBUG_INFO = NO;
				SDKROOT = iphoneos;
				SWIFT_OPTIMIZATION_LEVEL = "-Owholemodule";
				TARGETED_DEVICE_FAMILY = "1,2";
				VALIDATE_PRODUCT = YES;
			};
			name = Release;
		};
		FBB9148C1E68EC7000FA5835 /* Debug */ = {
			isa = XCBuildConfiguration;
			buildSettings = {
				ASSETCATALOG_COMPILER_APPICON_NAME = AppIcon;
				INFOPLIST_FILE = "PageViewController en iOS/Info.plist";
				LD_RUNPATH_SEARCH_PATHS = "$(inherited) @executable_path/Frameworks";
				PRODUCT_BUNDLE_IDENTIFIER = "pe.sulca.PageViewController-en-iOS";
				PRODUCT_NAME = "$(TARGET_NAME)";
				SWIFT_VERSION = 3.0;
			};
			name = Debug;
		};
		FBB9148D1E68EC7000FA5835 /* Release */ = {
			isa = XCBuildConfiguration;
			buildSettings = {
				ASSETCATALOG_COMPILER_APPICON_NAME = AppIcon;
				INFOPLIST_FILE = "PageViewController en iOS/Info.plist";
				LD_RUNPATH_SEARCH_PATHS = "$(inherited) @executable_path/Frameworks";
				PRODUCT_BUNDLE_IDENTIFIER = "pe.sulca.PageViewController-en-iOS";
				PRODUCT_NAME = "$(TARGET_NAME)";
				SWIFT_VERSION = 3.0;
			};
			name = Release;
		};
/* End XCBuildConfiguration section */

/* Begin XCConfigurationList section */
		FBB914701E68EC7000FA5835 /* Build configuration list for PBXProject "PageViewController en iOS" */ = {
			isa = XCConfigurationList;
			buildConfigurations = (
				FBB914891E68EC7000FA5835 /* Debug */,
				FBB9148A1E68EC7000FA5835 /* Release */,
			);
			defaultConfigurationIsVisible = 0;
			defaultConfigurationName = Release;
		};
		FBB9148B1E68EC7000FA5835 /* Build configuration list for PBXNativeTarget "PageViewController en iOS" */ = {
			isa = XCConfigurationList;
			buildConfigurations = (
				FBB9148C1E68EC7000FA5835 /* Debug */,
				FBB9148D1E68EC7000FA5835 /* Release */,
			);
			defaultConfigurationIsVisible = 0;
		};
/* End XCConfigurationList section */
	};
	rootObject = FBB9146D1E68EC7000FA5835 /* Project object */;
}
